
Microsoft Visual Studio Solution File, Format Version 12.00
Project("{FAE04EC0-301F-11D3-BF4B-00C04F79EFBC}") = "DroneMagnus", "DroneMagnus\DroneMagnus.csproj", "{3658870C-4372-4CFB-A20B-C9C778264489}"
EndProject
Project("{FAE04EC0-301F-11D3-BF4B-00C04F79EFBC}") = "NUnitTests", "NUnitTests\NUnitTests.csproj", "{52489F2E-0BA8-4845-85DE-5AC75A9B382F}"
EndProject
Global
	GlobalSection(SolutionConfigurationPlatforms) = preSolution
		Debug|Any CPU = Debug|Any CPU
		Release|Any CPU = Release|Any CPU
	EndGlobalSection
	GlobalSection(ProjectConfigurationPlatforms) = postSolution
		{3658870C-4372-4CFB-A20B-C9C778264489}.Debug|Any CPU.ActiveCfg = Debug|Any CPU
		{3658870C-4372-4CFB-A20B-C9C778264489}.Debug|Any CPU.Build.0 = Debug|Any CPU
		{3658870C-4372-4CFB-A20B-C9C778264489}.Release|Any CPU.ActiveCfg = Release|Any CPU
		{3658870C-4372-4CFB-A20B-C9C778264489}.Release|Any CPU.Build.0 = Release|Any CPU
		{52489F2E-0BA8-4845-85DE-5AC75A9B382F}.Debug|Any CPU.ActiveCfg = Debug|Any CPU
		{52489F2E-0BA8-4845-85DE-5AC75A9B382F}.Debug|Any CPU.Build.0 = Debug|Any CPU
		{52489F2E-0BA8-4845-85DE-5AC75A9B382F}.Release|Any CPU.ActiveCfg = Release|Any CPU
		{52489F2E-0BA8-4845-85DE-5AC75A9B382F}.Release|Any CPU.Build.0 = Release|Any CPU
	EndGlobalSection
EndGlobal
